
Microsoft Visual Studio Solution File, Format Version 12.00
# Visual Studio 15
VisualStudioVersion = 15.0.27130.2026
MinimumVisualStudioVersion = 10.0.40219.1
Project("{FAE04EC0-301F-11D3-BF4B-00C04F79EFBC}") = "NuGetDepends", "NuGetDepends\NuGetDepends.csproj", "{C04CB568-38A9-4CEC-9DE1-6D05C63FD5B8}"
EndProject
Global
	GlobalSection(SolutionConfigurationPlatforms) = preSolution
		Debug|Any CPU = Debug|Any CPU
		Release|Any CPU = Release|Any CPU
	EndGlobalSection
	GlobalSection(ProjectConfigurationPlatforms) = postSolution
		{C04CB568-38A9-4CEC-9DE1-6D05C63FD5B8}.Debug|Any CPU.ActiveCfg = Debug|Any CPU
		{C04CB568-38A9-4CEC-9DE1-6D05C63FD5B8}.Debug|Any CPU.Build.0 = Debug|Any CPU
		{C04CB568-38A9-4CEC-9DE1-6D05C63FD5B8}.Release|Any CPU.ActiveCfg = Release|Any CPU
		{C04CB568-38A9-4CEC-9DE1-6D05C63FD5B8}.Release|Any CPU.Build.0 = Release|Any CPU
	EndGlobalSection
	GlobalSection(SolutionProperties) = preSolution
		HideSolutionNode = FALSE
	EndGlobalSection
	GlobalSection(ExtensibilityGlobals) = postSolution
		SolutionGuid = {6E246C01-EC05-4094-912B-6DD584742882}
	EndGlobalSection
EndGlobal
